<?xml version="1.0" encoding="utf-8"?>
<Project ToolsVersion="4.0" xmlns="http://schemas.microsoft.com/developer/msbuild/2003">
  <ItemGroup>
    <Filter Include="cpp">
      <UniqueIdentifier>{4FC737F1-C7A5-4376-A066-2A32D752A2FF}</UniqueIdentifier>
      <Extensions>cpp;c;cc;cxx;def;odl;idl;hpj;bat;asm;asmx</Extensions>
    </Filter>
    <Filter Include="header">
      <UniqueIdentifier>{93995380-89BD-4b04-88EB-625FBE52EBFB}</UniqueIdentifier>
      <Extensions>h;hh;hpp;hxx;hm;inl;inc;ipp;xsd</Extensions>
    </Filter>
  </ItemGroup>
  <ItemGroup>
    <ClCompile Include="..\..\cpp\revColor.cpp">
      <Filter>cpp</Filter>
    </ClCompile>
    <ClCompile Include="..\..\cpp\revMatirx44.cpp">
      <Filter>cpp</Filter>
    </ClCompile>
    <ClCompile Include="..\..\cpp\revMatrix33.cpp">
      <Filter>cpp</Filter>
    </ClCompile>
    <ClCompile Include="..\..\cpp\revMemory.cpp">
      <Filter>cpp</Filter>
    </ClCompile>
    <ClCompile Include="..\..\cpp\revQuaternion.cpp">
      <Filter>cpp</Filter>
    </ClCompile>
    <ClCompile Include="..\..\cpp\revString.cpp">
      <Filter>cpp</Filter>
    </ClCompile>
  </ItemGroup>
  <ItemGroup>
    <ClInclude Include="..\..\include\revArray.h">
      <Filter>header</Filter>
    </ClInclude>
    <ClInclude Include="..\..\include\revBitset.h">
      <Filter>header</Filter>
    </ClInclude>
    <ClInclude Include="..\..\include\revColor.h">
      <Filter>header</Filter>
    </ClInclude>
    <ClInclude Include="..\..\include\revFixedArray.h">
      <Filter>header</Filter>
    </ClInclude>
    <ClInclude Include="..\..\include\revIterator.h">
      <Filter>header</Filter>
    </ClInclude>
    <ClInclude Include="..\..\include\revMap.h">
      <Filter>header</Filter>
    </ClInclude>
    <ClInclude Include="..\..\include\revMath.h">
      <Filter>header</Filter>
    </ClInclude>
    <ClInclude Include="..\..\include\revMathUtil.h">
      <Filter>header</Filter>
    </ClInclude>
    <ClInclude Include="..\..\include\revMatrix33.h">
      <Filter>header</Filter>
    </ClInclude>
    <ClInclude Include="..\..\include\revMatrix44.h">
      <Filter>header</Filter>
    </ClInclude>
    <ClInclude Include="..\..\include\revMemory.h">
      <Filter>header</Filter>
    </ClInclude>
    <ClInclude Include="..\..\include\revQuaternion.h">
      <Filter>header</Filter>
    </ClInclude>
    <ClInclude Include="..\..\include\revQueue.h">
      <Filter>header</Filter>
    </ClInclude>
    <ClInclude Include="..\..\include\revSingleton.h">
      <Filter>header</Filter>
    </ClInclude>
    <ClInclude Include="..\..\include\revSmartPointer.h">
      <Filter>header</Filter>
    </ClInclude>
    <ClInclude Include="..\..\include\revStreamReader.h">
      <Filter>header</Filter>
    </ClInclude>
    <ClInclude Include="..\..\include\revString.h">
      <Filter>header</Filter>
    </ClInclude>
    <ClInclude Include="..\..\include\revTypedef.h">
      <Filter>header</Filter>
    </ClInclude>
    <ClInclude Include="..\..\include\revVector2.h">
      <Filter>header</Filter>
    </ClInclude>
    <ClInclude Include="..\..\include\revVector3.h">
      <Filter>header</Filter>
    </ClInclude>
    <ClInclude Include="..\..\include\revVector4.h">
      <Filter>header</Filter>
    </ClInclude>
    <ClInclude Include="..\..\include\revRect.h">
      <Filter>header</Filter>
    </ClInclude>
  </ItemGroup>
  <ItemGroup>
    <None Include="..\..\include\revArray.inl">
      <Filter>header</Filter>
    </None>
    <None Include="..\..\include\revBitset.inl">
      <Filter>header</Filter>
    </None>
    <None Include="..\..\include\revMatrix44.inl">
      <Filter>header</Filter>
    </None>
    <None Include="..\..\include\revQuaternion.inl">
      <Filter>header</Filter>
    </None>
    <None Include="..\..\include\revQueue.inl">
      <Filter>header</Filter>
    </None>
    <None Include="..\..\include\revSmartPointer.inl">
      <Filter>header</Filter>
    </None>
    <None Include="..\..\include\revVector2.inl">
      <Filter>header</Filter>
    </None>
    <None Include="..\..\include\revVector3.inl">
      <Filter>header</Filter>
    </None>
    <None Include="..\..\include\revVector4.inl">
      <Filter>header</Filter>
    </None>
  </ItemGroup>
</Project>