
Microsoft Visual Studio Solution File, Format Version 12.00
# Visual Studio Version 16
VisualStudioVersion = 16.0.29905.134
MinimumVisualStudioVersion = 10.0.40219.1
Project("{8BC9CEB8-8B4A-11D0-8D11-00A0C91BC942}") = "RevSample", "RevSample.vcxproj", "{C74CF521-5547-46B3-8132-F82D51BEAA06}"
	ProjectSection(ProjectDependencies) = postProject
		{FCA6123C-15FC-417C-B3BF-32BDA3B497D4} = {FCA6123C-15FC-417C-B3BF-32BDA3B497D4}
		{934CE756-41EC-47DB-B71A-AC27D51B1F13} = {934CE756-41EC-47DB-B71A-AC27D51B1F13}
		{F8ACB8CC-9C79-416D-9571-5ACB1DE6B3D3} = {F8ACB8CC-9C79-416D-9571-5ACB1DE6B3D3}
	EndProjectSection
EndProject
Project("{8BC9CEB8-8B4A-11D0-8D11-00A0C91BC942}") = "CoreLib", "..\..\..\CoreLib\projects\Windows\CoreLib\CoreLib.vcxproj", "{FCA6123C-15FC-417C-B3BF-32BDA3B497D4}"
EndProject
Project("{8BC9CEB8-8B4A-11D0-8D11-00A0C91BC942}") = "WindowsLib", "..\..\..\PlatformLib\WindowsLib\WindowsLib.vcxproj", "{F8ACB8CC-9C79-416D-9571-5ACB1DE6B3D3}"
	ProjectSection(ProjectDependencies) = postProject
		{FCA6123C-15FC-417C-B3BF-32BDA3B497D4} = {FCA6123C-15FC-417C-B3BF-32BDA3B497D4}
	EndProjectSection
EndProject
Project("{8BC9CEB8-8B4A-11D0-8D11-00A0C91BC942}") = "Rev", "..\..\..\Rev\project\windows\Rev.vcxproj", "{934CE756-41EC-47DB-B71A-AC27D51B1F13}"
	ProjectSection(ProjectDependencies) = postProject
		{FCA6123C-15FC-417C-B3BF-32BDA3B497D4} = {FCA6123C-15FC-417C-B3BF-32BDA3B497D4}
		{F8ACB8CC-9C79-416D-9571-5ACB1DE6B3D3} = {F8ACB8CC-9C79-416D-9571-5ACB1DE6B3D3}
	EndProjectSection
EndProject
Global
	GlobalSection(SolutionConfigurationPlatforms) = preSolution
		Debug_DX12|x64 = Debug_DX12|x64
		Debug_DX12|x86 = Debug_DX12|x86
		Debug|x64 = Debug|x64
		Debug|x86 = Debug|x86
		Release_DX12|x64 = Release_DX12|x64
		Release_DX12|x86 = Release_DX12|x86
		Release|x64 = Release|x64
		Release|x86 = Release|x86
	EndGlobalSection
	GlobalSection(ProjectConfigurationPlatforms) = postSolution
		{C74CF521-5547-46B3-8132-F82D51BEAA06}.Debug_DX12|x64.ActiveCfg = Debug_DX12|x64
		{C74CF521-5547-46B3-8132-F82D51BEAA06}.Debug_DX12|x64.Build.0 = Debug_DX12|x64
		{C74CF521-5547-46B3-8132-F82D51BEAA06}.Debug_DX12|x86.ActiveCfg = Debug_DX12|Win32
		{C74CF521-5547-46B3-8132-F82D51BEAA06}.Debug_DX12|x86.Build.0 = Debug_DX12|Win32
		{C74CF521-5547-46B3-8132-F82D51BEAA06}.Debug|x64.ActiveCfg = Debug|x64
		{C74CF521-5547-46B3-8132-F82D51BEAA06}.Debug|x64.Build.0 = Debug|x64
		{C74CF521-5547-46B3-8132-F82D51BEAA06}.Debug|x86.ActiveCfg = Debug|Win32
		{C74CF521-5547-46B3-8132-F82D51BEAA06}.Debug|x86.Build.0 = Debug|Win32
		{C74CF521-5547-46B3-8132-F82D51BEAA06}.Release_DX12|x64.ActiveCfg = Release_DX12|x64
		{C74CF521-5547-46B3-8132-F82D51BEAA06}.Release_DX12|x64.Build.0 = Release_DX12|x64
		{C74CF521-5547-46B3-8132-F82D51BEAA06}.Release_DX12|x86.ActiveCfg = Release_DX12|Win32
		{C74CF521-5547-46B3-8132-F82D51BEAA06}.Release_DX12|x86.Build.0 = Release_DX12|Win32
		{C74CF521-5547-46B3-8132-F82D51BEAA06}.Release|x64.ActiveCfg = Release|x64
		{C74CF521-5547-46B3-8132-F82D51BEAA06}.Release|x64.Build.0 = Release|x64
		{C74CF521-5547-46B3-8132-F82D51BEAA06}.Release|x86.ActiveCfg = Release|Win32
		{C74CF521-5547-46B3-8132-F82D51BEAA06}.Release|x86.Build.0 = Release|Win32
		{FCA6123C-15FC-417C-B3BF-32BDA3B497D4}.Debug_DX12|x64.ActiveCfg = Debug_DX12|x64
		{FCA6123C-15FC-417C-B3BF-32BDA3B497D4}.Debug_DX12|x64.Build.0 = Debug_DX12|x64
		{FCA6123C-15FC-417C-B3BF-32BDA3B497D4}.Debug_DX12|x86.ActiveCfg = Debug_DX12|Win32
		{FCA6123C-15FC-417C-B3BF-32BDA3B497D4}.Debug_DX12|x86.Build.0 = Debug_DX12|Win32
		{FCA6123C-15FC-417C-B3BF-32BDA3B497D4}.Debug|x64.ActiveCfg = Debug|x64
		{FCA6123C-15FC-417C-B3BF-32BDA3B497D4}.Debug|x64.Build.0 = Debug|x64
		{FCA6123C-15FC-417C-B3BF-32BDA3B497D4}.Debug|x86.ActiveCfg = Debug|Win32
		{FCA6123C-15FC-417C-B3BF-32BDA3B497D4}.Debug|x86.Build.0 = Debug|Win32
		{FCA6123C-15FC-417C-B3BF-32BDA3B497D4}.Release_DX12|x64.ActiveCfg = Release_DX12|x64
		{FCA6123C-15FC-417C-B3BF-32BDA3B497D4}.Release_DX12|x64.Build.0 = Release_DX12|x64
		{FCA6123C-15FC-417C-B3BF-32BDA3B497D4}.Release_DX12|x86.ActiveCfg = Release_DX12|Win32
		{FCA6123C-15FC-417C-B3BF-32BDA3B497D4}.Release_DX12|x86.Build.0 = Release_DX12|Win32
		{FCA6123C-15FC-417C-B3BF-32BDA3B497D4}.Release|x64.ActiveCfg = Release|x64
		{FCA6123C-15FC-417C-B3BF-32BDA3B497D4}.Release|x64.Build.0 = Release|x64
		{FCA6123C-15FC-417C-B3BF-32BDA3B497D4}.Release|x86.ActiveCfg = Release|Win32
		{FCA6123C-15FC-417C-B3BF-32BDA3B497D4}.Release|x86.Build.0 = Release|Win32
		{F8ACB8CC-9C79-416D-9571-5ACB1DE6B3D3}.Debug_DX12|x64.ActiveCfg = Debug_DX12|x64
		{F8ACB8CC-9C79-416D-9571-5ACB1DE6B3D3}.Debug_DX12|x64.Build.0 = Debug_DX12|x64
		{F8ACB8CC-9C79-416D-9571-5ACB1DE6B3D3}.Debug_DX12|x86.ActiveCfg = Debug_DX12|Win32
		{F8ACB8CC-9C79-416D-9571-5ACB1DE6B3D3}.Debug_DX12|x86.Build.0 = Debug_DX12|Win32
		{F8ACB8CC-9C79-416D-9571-5ACB1DE6B3D3}.Debug|x64.ActiveCfg = Debug|x64
		{F8ACB8CC-9C79-416D-9571-5ACB1DE6B3D3}.Debug|x64.Build.0 = Debug|x64
		{F8ACB8CC-9C79-416D-9571-5ACB1DE6B3D3}.Debug|x86.ActiveCfg = Debug|Win32
		{F8ACB8CC-9C79-416D-9571-5ACB1DE6B3D3}.Debug|x86.Build.0 = Debug|Win32
		{F8ACB8CC-9C79-416D-9571-5ACB1DE6B3D3}.Release_DX12|x64.ActiveCfg = Release_DX12|x64
		{F8ACB8CC-9C79-416D-9571-5ACB1DE6B3D3}.Release_DX12|x64.Build.0 = Release_DX12|x64
		{F8ACB8CC-9C79-416D-9571-5ACB1DE6B3D3}.Release_DX12|x86.ActiveCfg = Release_DX12|Win32
		{F8ACB8CC-9C79-416D-9571-5ACB1DE6B3D3}.Release_DX12|x86.Build.0 = Release_DX12|Win32
		{F8ACB8CC-9C79-416D-9571-5ACB1DE6B3D3}.Release|x64.ActiveCfg = Release|x64
		{F8ACB8CC-9C79-416D-9571-5ACB1DE6B3D3}.Release|x64.Build.0 = Release|x64
		{F8ACB8CC-9C79-416D-9571-5ACB1DE6B3D3}.Release|x86.ActiveCfg = Release|Win32
		{F8ACB8CC-9C79-416D-9571-5ACB1DE6B3D3}.Release|x86.Build.0 = Release|Win32
		{934CE756-41EC-47DB-B71A-AC27D51B1F13}.Debug_DX12|x64.ActiveCfg = Debug_DX12|x64
		{934CE756-41EC-47DB-B71A-AC27D51B1F13}.Debug_DX12|x64.Build.0 = Debug_DX12|x64
		{934CE756-41EC-47DB-B71A-AC27D51B1F13}.Debug_DX12|x86.ActiveCfg = Debug|Win32
		{934CE756-41EC-47DB-B71A-AC27D51B1F13}.Debug_DX12|x86.Build.0 = Debug|Win32
		{934CE756-41EC-47DB-B71A-AC27D51B1F13}.Debug|x64.ActiveCfg = Debug|x64
		{934CE756-41EC-47DB-B71A-AC27D51B1F13}.Debug|x64.Build.0 = Debug|x64
		{934CE756-41EC-47DB-B71A-AC27D51B1F13}.Debug|x86.ActiveCfg = Debug|Win32
		{934CE756-41EC-47DB-B71A-AC27D51B1F13}.Debug|x86.Build.0 = Debug|Win32
		{934CE756-41EC-47DB-B71A-AC27D51B1F13}.Release_DX12|x64.ActiveCfg = Release_DX12|x64
		{934CE756-41EC-47DB-B71A-AC27D51B1F13}.Release_DX12|x64.Build.0 = Release_DX12|x64
		{934CE756-41EC-47DB-B71A-AC27D51B1F13}.Release_DX12|x86.ActiveCfg = Release|Win32
		{934CE756-41EC-47DB-B71A-AC27D51B1F13}.Release_DX12|x86.Build.0 = Release|Win32
		{934CE756-41EC-47DB-B71A-AC27D51B1F13}.Release|x64.ActiveCfg = Release|x64
		{934CE756-41EC-47DB-B71A-AC27D51B1F13}.Release|x64.Build.0 = Release|x64
		{934CE756-41EC-47DB-B71A-AC27D51B1F13}.Release|x86.ActiveCfg = Release|Win32
		{934CE756-41EC-47DB-B71A-AC27D51B1F13}.Release|x86.Build.0 = Release|Win32
	EndGlobalSection
	GlobalSection(SolutionProperties) = preSolution
		HideSolutionNode = FALSE
	EndGlobalSection
	GlobalSection(ExtensibilityGlobals) = postSolution
		SolutionGuid = {A731FAF5-0CB8-4729-8094-6E7F1DD1A29F}
	EndGlobalSection
EndGlobal
