<?xml version="1.0" encoding="utf-8"?>
<Project ToolsVersion="4.0" xmlns="http://schemas.microsoft.com/developer/msbuild/2003">
  <ItemGroup>
    <Filter Include="cpp">
      <UniqueIdentifier>{4FC737F1-C7A5-4376-A066-2A32D752A2FF}</UniqueIdentifier>
      <Extensions>cpp;c;cc;cxx;def;odl;idl;hpj;bat;asm;asmx</Extensions>
    </Filter>
    <Filter Include="header">
      <UniqueIdentifier>{93995380-89BD-4b04-88EB-625FBE52EBFB}</UniqueIdentifier>
      <Extensions>h;hh;hpp;hxx;hm;inl;inc;ipp;xsd</Extensions>
    </Filter>
  </ItemGroup>
  <ItemGroup>
    <ClCompile Include="..\..\cpp\revApp.cpp">
      <Filter>cpp</Filter>
    </ClCompile>
    <ClCompile Include="..\..\cpp\revDrawCommand.cpp">
      <Filter>cpp</Filter>
    </ClCompile>
    <ClCompile Include="..\..\cpp\revGraphics.cpp">
      <Filter>cpp</Filter>
    </ClCompile>
    <ClCompile Include="..\..\cpp\revLogger.cpp">
      <Filter>cpp</Filter>
    </ClCompile>
    <ClCompile Include="..\..\cpp\revThreadPool.cpp">
      <Filter>cpp</Filter>
    </ClCompile>
    <ClCompile Include="..\..\cpp\revMeshRenderer.cpp">
      <Filter>cpp</Filter>
    </ClCompile>
    <ClCompile Include="..\..\cpp\revMesh.cpp">
      <Filter>cpp</Filter>
    </ClCompile>
    <ClCompile Include="..\..\cpp\revModelLoader.cpp">
      <Filter>cpp</Filter>
    </ClCompile>
    <ClCompile Include="..\..\cpp\revTransform.cpp">
      <Filter>cpp</Filter>
    </ClCompile>
  </ItemGroup>
  <ItemGroup>
    <ClInclude Include="..\..\include\revApp.h">
      <Filter>header</Filter>
    </ClInclude>
    <ClInclude Include="..\..\include\revAsyncTaskWorker.h">
      <Filter>header</Filter>
    </ClInclude>
    <ClInclude Include="..\..\include\revCriticalSection.h">
      <Filter>header</Filter>
    </ClInclude>
    <ClInclude Include="..\..\include\revDrawCommand.h">
      <Filter>header</Filter>
    </ClInclude>
    <ClInclude Include="..\..\include\revGraphics.h">
      <Filter>header</Filter>
    </ClInclude>
    <ClInclude Include="..\..\include\revLogger.h">
      <Filter>header</Filter>
    </ClInclude>
    <ClInclude Include="..\..\include\revMaterial.h">
      <Filter>header</Filter>
    </ClInclude>
    <ClInclude Include="..\..\include\revMesh.h">
      <Filter>header</Filter>
    </ClInclude>
    <ClInclude Include="..\..\include\revResource.h">
      <Filter>header</Filter>
    </ClInclude>
    <ClInclude Include="..\..\include\revSerializer.h">
      <Filter>header</Filter>
    </ClInclude>
    <ClInclude Include="..\..\include\revSystemBase.h">
      <Filter>header</Filter>
    </ClInclude>
    <ClInclude Include="..\..\include\revThreadPool.h">
      <Filter>header</Filter>
    </ClInclude>
    <ClInclude Include="..\..\include\revWindow.h">
      <Filter>header</Filter>
    </ClInclude>
    <ClInclude Include="..\..\include\revMeshRenderer.h">
      <Filter>header</Filter>
    </ClInclude>
    <ClInclude Include="..\..\include\revModel.h">
      <Filter>header</Filter>
    </ClInclude>
    <ClInclude Include="..\..\include\revModelLoader.h">
      <Filter>header</Filter>
    </ClInclude>
    <ClInclude Include="..\..\include\revTransform.h">
      <Filter>header</Filter>
    </ClInclude>
  </ItemGroup>
</Project>